// !$*UTF8*$!
{
	archiveVersion = 1;
	classes = {
	};
	objectVersion = 56;
	objects = {

/* Begin PBXBuildFile section */
		3A3A84F3299806CF006CA3A5 /* HTTPToastDemoApp.swift in Sources */ = {isa = PBXBuildFile; fileRef = 3A3A84F2299806CF006CA3A5 /* HTTPToastDemoApp.swift */; };
		3A3A84F5299806CF006CA3A5 /* ContentView.swift in Sources */ = {isa = PBXBuildFile; fileRef = 3A3A84F4299806CF006CA3A5 /* ContentView.swift */; };
		3A3A84F7299806D0006CA3A5 /* Assets.xcassets in Resources */ = {isa = PBXBuildFile; fileRef = 3A3A84F6299806D0006CA3A5 /* Assets.xcassets */; };
		3A3A84FA299806D0006CA3A5 /* Preview Assets.xcassets in Resources */ = {isa = PBXBuildFile; fileRef = 3A3A84F9299806D0006CA3A5 /* Preview Assets.xcassets */; };
		3A3A850129980761006CA3A5 /* HTTPToast in Resources */ = {isa = PBXBuildFile; fileRef = 3A3A850029980760006CA3A5 /* HTTPToast */; };
		3A3A85042998076B006CA3A5 /* HTTPToast in Frameworks */ = {isa = PBXBuildFile; productRef = 3A3A85032998076B006CA3A5 /* HTTPToast */; };
		3A3A85062998079F006CA3A5 /* DummyHTTPClient.swift in Sources */ = {isa = PBXBuildFile; fileRef = 3A3A85052998079F006CA3A5 /* DummyHTTPClient.swift */; };
/* End PBXBuildFile section */

/* Begin PBXFileReference section */
		3A3A84EF299806CF006CA3A5 /* HTTPToastDemo.app */ = {isa = PBXFileReference; explicitFileType = wrapper.application; includeInIndex = 0; path = HTTPToastDemo.app; sourceTree = BUILT_PRODUCTS_DIR; };
		3A3A84F2299806CF006CA3A5 /* HTTPToastDemoApp.swift */ = {isa = PBXFileReference; lastKnownFileType = sourcecode.swift; path = HTTPToastDemoApp.swift; sourceTree = "<group>"; };
		3A3A84F4299806CF006CA3A5 /* ContentView.swift */ = {isa = PBXFileReference; lastKnownFileType = sourcecode.swift; path = ContentView.swift; sourceTree = "<group>"; };
		3A3A84F6299806D0006CA3A5 /* Assets.xcassets */ = {isa = PBXFileReference; lastKnownFileType = folder.assetcatalog; path = Assets.xcassets; sourceTree = "<group>"; };
		3A3A84F9299806D0006CA3A5 /* Preview Assets.xcassets */ = {isa = PBXFileReference; lastKnownFileType = folder.assetcatalog; path = "Preview Assets.xcassets"; sourceTree = "<group>"; };
		3A3A850029980760006CA3A5 /* HTTPToast */ = {isa = PBXFileReference; lastKnownFileType = wrapper; name = HTTPToast; path = ../HTTPToast; sourceTree = "<group>"; };
		3A3A85052998079F006CA3A5 /* DummyHTTPClient.swift */ = {isa = PBXFileReference; lastKnownFileType = sourcecode.swift; path = DummyHTTPClient.swift; sourceTree = "<group>"; };
/* End PBXFileReference section */

/* Begin PBXFrameworksBuildPhase section */
		3A3A84EC299806CF006CA3A5 /* Frameworks */ = {
			isa = PBXFrameworksBuildPhase;
			buildActionMask = 2147483647;
			files = (
				3A3A85042998076B006CA3A5 /* HTTPToast in Frameworks */,
			);
			runOnlyForDeploymentPostprocessing = 0;
		};
/* End PBXFrameworksBuildPhase section */

/* Begin PBXGroup section */
		3A3A84E6299806CF006CA3A5 = {
			isa = PBXGroup;
			children = (
				3A3A850029980760006CA3A5 /* HTTPToast */,
				3A3A84F1299806CF006CA3A5 /* HTTPToastDemo */,
				3A3A84F0299806CF006CA3A5 /* Products */,
				3A3A85022998076B006CA3A5 /* Frameworks */,
			);
			sourceTree = "<group>";
		};
		3A3A84F0299806CF006CA3A5 /* Products */ = {
			isa = PBXGroup;
			children = (
				3A3A84EF299806CF006CA3A5 /* HTTPToastDemo.app */,
			);
			name = Products;
			sourceTree = "<group>";
		};
		3A3A84F1299806CF006CA3A5 /* HTTPToastDemo */ = {
			isa = PBXGroup;
			children = (
				3A3A84F2299806CF006CA3A5 /* HTTPToastDemoApp.swift */,
				3A3A84F4299806CF006CA3A5 /* ContentView.swift */,
				3A3A85052998079F006CA3A5 /* DummyHTTPClient.swift */,
				3A3A84F6299806D0006CA3A5 /* Assets.xcassets */,
				3A3A84F8299806D0006CA3A5 /* Preview Content */,
			);
			path = HTTPToastDemo;
			sourceTree = "<group>";
		};
		3A3A84F8299806D0006CA3A5 /* Preview Content */ = {
			isa = PBXGroup;
			children = (
				3A3A84F9299806D0006CA3A5 /* Preview Assets.xcassets */,
			);
			path = "Preview Content";
			sourceTree = "<group>";
		};
		3A3A85022998076B006CA3A5 /* Frameworks */ = {
			isa = PBXGroup;
			children = (
			);
			name = Frameworks;
			sourceTree = "<group>";
		};
/* End PBXGroup section */

/* Begin PBXNativeTarget section */
		3A3A84EE299806CF006CA3A5 /* HTTPToastDemo */ = {
			isa = PBXNativeTarget;
			buildConfigurationList = 3A3A84FD299806D0006CA3A5 /* Build configuration list for PBXNativeTarget "HTTPToastDemo" */;
			buildPhases = (
				3A3A84EB299806CF006CA3A5 /* Sources */,
				3A3A84EC299806CF006CA3A5 /* Frameworks */,
				3A3A84ED299806CF006CA3A5 /* Resources */,
			);
			buildRules = (
			);
			dependencies = (
			);
			name = HTTPToastDemo;
			packageProductDependencies = (
				3A3A85032998076B006CA3A5 /* HTTPToast */,
			);
			productName = HTTPToastDemo;
			productReference = 3A3A84EF299806CF006CA3A5 /* HTTPToastDemo.app */;
			productType = "com.apple.product-type.application";
		};
/* End PBXNativeTarget section */

/* Begin PBXProject section */
		3A3A84E7299806CF006CA3A5 /* Project object */ = {
			isa = PBXProject;
			attributes = {
				BuildIndependentTargetsInParallel = 1;
				LastSwiftUpdateCheck = 1400;
				LastUpgradeCheck = 1400;
				TargetAttributes = {
					3A3A84EE299806CF006CA3A5 = {
						CreatedOnToolsVersion = 14.0.1;
					};
				};
			};
			buildConfigurationList = 3A3A84EA299806CF006CA3A5 /* Build configuration list for PBXProject "HTTPToastDemo" */;
			compatibilityVersion = "Xcode 14.0";
			developmentRegion = en;
			hasScannedForEncodings = 0;
			knownRegions = (
				en,
				Base,
			);
			mainGroup = 3A3A84E6299806CF006CA3A5;
			productRefGroup = 3A3A84F0299806CF006CA3A5 /* Products */;
			projectDirPath = "";
			projectRoot = "";
			targets = (
				3A3A84EE299806CF006CA3A5 /* HTTPToastDemo */,
			);
		};
/* End PBXProject section */

/* Begin PBXResourcesBuildPhase section */
		3A3A84ED299806CF006CA3A5 /* Resources */ = {
			isa = PBXResourcesBuildPhase;
			buildActionMask = 2147483647;
			files = (
				3A3A850129980761006CA3A5 /* HTTPToast in Resources */,
				3A3A84FA299806D0006CA3A5 /* Preview Assets.xcassets in Resources */,
				3A3A84F7299806D0006CA3A5 /* Assets.xcassets in Resources */,
			);
			runOnlyForDeploymentPostprocessing = 0;
		};
/* End PBXResourcesBuildPhase section */

/* Begin PBXSourcesBuildPhase section */
		3A3A84EB299806CF006CA3A5 /* Sources */ = {
			isa = PBXSourcesBuildPhase;
			buildActionMask = 2147483647;
			files = (
				3A3A85062998079F006CA3A5 /* DummyHTTPClient.swift in Sources */,
				3A3A84F5299806CF006CA3A5 /* ContentView.swift in Sources */,
				3A3A84F3299806CF006CA3A5 /* HTTPToastDemoApp.swift in Sources */,
			);
			runOnlyForDeploymentPostprocessing = 0;
		};
/* End PBXSourcesBuildPhase section */

/* Begin XCBuildConfiguration section */
		3A3A84FB299806D0006CA3A5 /* Debug */ = {
			isa = XCBuildConfiguration;
			buildSettings = {
				ALWAYS_SEARCH_USER_PATHS = NO;
				CLANG_ANALYZER_NONNULL = YES;
				CLANG_ANALYZER_NUMBER_OBJECT_CONVERSION = YES_AGGRESSIVE;
				CLANG_CXX_LANGUAGE_STANDARD = "gnu++20";
				CLANG_ENABLE_MODULES = YES;
				CLANG_ENABLE_OBJC_ARC = YES;
				CLANG_ENABLE_OBJC_WEAK = YES;
				CLANG_WARN_BLOCK_CAPTURE_AUTORELEASING = YES;
				CLANG_WARN_BOOL_CONVERSION = YES;
				CLANG_WARN_COMMA = YES;
				CLANG_WARN_CONSTANT_CONVERSION = YES;
				CLANG_WARN_DEPRECATED_OBJC_IMPLEMENTATIONS = YES;
				CLANG_WARN_DIRECT_OBJC_ISA_USAGE = YES_ERROR;
				CLANG_WARN_DOCUMENTATION_COMMENTS = YES;
				CLANG_WARN_EMPTY_BODY = YES;
				CLANG_WARN_ENUM_CONVERSION = YES;
				CLANG_WARN_INFINITE_RECURSION = YES;
				CLANG_WARN_INT_CONVERSION = YES;
				CLANG_WARN_NON_LITERAL_NULL_CONVERSION = YES;
				CLANG_WARN_OBJC_IMPLICIT_RETAIN_SELF = YES;
				CLANG_WARN_OBJC_LITERAL_CONVERSION = YES;
				CLANG_WARN_OBJC_ROOT_CLASS = YES_ERROR;
				CLANG_WARN_QUOTED_INCLUDE_IN_FRAMEWORK_HEADER = YES;
				CLANG_WARN_RANGE_LOOP_ANALYSIS = YES;
				CLANG_WARN_STRICT_PROTOTYPES = YES;
				CLANG_WARN_SUSPICIOUS_MOVE = YES;
				CLANG_WARN_UNGUARDED_AVAILABILITY = YES_AGGRESSIVE;
				CLANG_WARN_UNREACHABLE_CODE = YES;
				CLANG_WARN__DUPLICATE_METHOD_MATCH = YES;
				COPY_PHASE_STRIP = NO;
				DEBUG_INFORMATION_FORMAT = dwarf;
				ENABLE_STRICT_OBJC_MSGSEND = YES;
				ENABLE_TESTABILITY = YES;
				GCC_C_LANGUAGE_STANDARD = gnu11;
				GCC_DYNAMIC_NO_PIC = NO;
				GCC_NO_COMMON_BLOCKS = YES;
				GCC_OPTIMIZATION_LEVEL = 0;
				GCC_PREPROCESSOR_DEFINITIONS = (
					"DEBUG=1",
					"$(inherited)",
				);
				GCC_WARN_64_TO_32_BIT_CONVERSION = YES;
				GCC_WARN_ABOUT_RETURN_TYPE = YES_ERROR;
				GCC_WARN_UNDECLARED_SELECTOR = YES;
				GCC_WARN_UNINITIALIZED_AUTOS = YES_AGGRESSIVE;
				GCC_WARN_UNUSED_FUNCTION = YES;
				GCC_WARN_UNUSED_VARIABLE = YES;
				IPHONEOS_DEPLOYMENT_TARGET = 16.0;
				MTL_ENABLE_DEBUG_INFO = INCLUDE_SOURCE;
				MTL_FAST_MATH = YES;
				ONLY_ACTIVE_ARCH = YES;
				SDKROOT = iphoneos;
				SWIFT_ACTIVE_COMPILATION_CONDITIONS = DEBUG;
				SWIFT_OPTIMIZATION_LEVEL = "-Onone";
			};
			name = Debug;
		};
		3A3A84FC299806D0006CA3A5 /* Release */ = {
			isa = XCBuildConfiguration;
			buildSettings = {
				ALWAYS_SEARCH_USER_PATHS = NO;
				CLANG_ANALYZER_NONNULL = YES;
				CLANG_ANALYZER_NUMBER_OBJECT_CONVERSION = YES_AGGRESSIVE;
				CLANG_CXX_LANGUAGE_STANDARD = "gnu++20";
				CLANG_ENABLE_MODULES = YES;
				CLANG_ENABLE_OBJC_ARC = YES;
				CLANG_ENABLE_OBJC_WEAK = YES;
				CLANG_WARN_BLOCK_CAPTURE_AUTORELEASING = YES;
				CLANG_WARN_BOOL_CONVERSION = YES;
				CLANG_WARN_COMMA = YES;
				CLANG_WARN_CONSTANT_CONVERSION = YES;
				CLANG_WARN_DEPRECATED_OBJC_IMPLEMENTATIONS = YES;
				CLANG_WARN_DIRECT_OBJC_ISA_USAGE = YES_ERROR;
				CLANG_WARN_DOCUMENTATION_COMMENTS = YES;
				CLANG_WARN_EMPTY_BODY = YES;
				CLANG_WARN_ENUM_CONVERSION = YES;
				CLANG_WARN_INFINITE_RECURSION = YES;
				CLANG_WARN_INT_CONVERSION = YES;
				CLANG_WARN_NON_LITERAL_NULL_CONVERSION = YES;
				CLANG_WARN_OBJC_IMPLICIT_RETAIN_SELF = YES;
				CLANG_WARN_OBJC_LITERAL_CONVERSION = YES;
				CLANG_WARN_OBJC_ROOT_CLASS = YES_ERROR;
				CLANG_WARN_QUOTED_INCLUDE_IN_FRAMEWORK_HEADER = YES;
				CLANG_WARN_RANGE_LOOP_ANALYSIS = YES;
				CLANG_WARN_STRICT_PROTOTYPES = YES;
				CLANG_WARN_SUSPICIOUS_MOVE = YES;
				CLANG_WARN_UNGUARDED_AVAILABILITY = YES_AGGRESSIVE;
				CLANG_WARN_UNREACHABLE_CODE = YES;
				CLANG_WARN__DUPLICATE_METHOD_MATCH = YES;
				COPY_PHASE_STRIP = NO;
				DEBUG_INFORMATION_FORMAT = "dwarf-with-dsym";
				ENABLE_NS_ASSERTIONS = NO;
				ENABLE_STRICT_OBJC_MSGSEND = YES;
				GCC_C_LANGUAGE_STANDARD = gnu11;
				GCC_NO_COMMON_BLOCKS = YES;
				GCC_WARN_64_TO_32_BIT_CONVERSION = YES;
				GCC_WARN_ABOUT_RETURN_TYPE = YES_ERROR;
				GCC_WARN_UNDECLARED_SELECTOR = YES;
				GCC_WARN_UNINITIALIZED_AUTOS = YES_AGGRESSIVE;
				GCC_WARN_UNUSED_FUNCTION = YES;
				GCC_WARN_UNUSED_VARIABLE = YES;
				IPHONEOS_DEPLOYMENT_TARGET = 16.0;
				MTL_ENABLE_DEBUG_INFO = NO;
				MTL_FAST_MATH = YES;
				SDKROOT = iphoneos;
				SWIFT_COMPILATION_MODE = wholemodule;
				SWIFT_OPTIMIZATION_LEVEL = "-O";
				VALIDATE_PRODUCT = YES;
			};
			name = Release;
		};
		3A3A84FE299806D0006CA3A5 /* Debug */ = {
			isa = XCBuildConfiguration;
			buildSettings = {
				ASSETCATALOG_COMPILER_APPICON_NAME = AppIcon;
				ASSETCATALOG_COMPILER_GLOBAL_ACCENT_COLOR_NAME = AccentColor;
				CODE_SIGN_STYLE = Automatic;
				CURRENT_PROJECT_VERSION = 1;
				DEVELOPMENT_ASSET_PATHS = "\"HTTPToastDemo/Preview Content\"";
				DEVELOPMENT_TEAM = XGBMX3C35J;
				ENABLE_PREVIEWS = YES;
				GENERATE_INFOPLIST_FILE = YES;
				INFOPLIST_KEY_UIApplicationSceneManifest_Generation = YES;
				INFOPLIST_KEY_UIApplicationSupportsIndirectInputEvents = YES;
				INFOPLIST_KEY_UILaunchScreen_Generation = YES;
				INFOPLIST_KEY_UISupportedInterfaceOrientations_iPad = "UIInterfaceOrientationPortrait UIInterfaceOrientationPortraitUpsideDown UIInterfaceOrientationLandscapeLeft UIInterfaceOrientationLandscapeRight";
				INFOPLIST_KEY_UISupportedInterfaceOrientations_iPhone = "UIInterfaceOrientationPortrait UIInterfaceOrientationLandscapeLeft UIInterfaceOrientationLandscapeRight";
				LD_RUNPATH_SEARCH_PATHS = (
					"$(inherited)",
					"@executable_path/Frameworks",
				);
				MARKETING_VERSION = 1.0;
				PRODUCT_BUNDLE_IDENTIFIER = com.bilescu.HTTPToastDemo;
				PRODUCT_NAME = "$(TARGET_NAME)";
				SWIFT_EMIT_LOC_STRINGS = YES;
				SWIFT_VERSION = 5.0;
				TARGETED_DEVICE_FAMILY = "1,2";
			};
			name = Debug;
		};
		3A3A84FF299806D0006CA3A5 /* Release */ = {
			isa = XCBuildConfiguration;
			buildSettings = {
				ASSETCATALOG_COMPILER_APPICON_NAME = AppIcon;
				ASSETCATALOG_COMPILER_GLOBAL_ACCENT_COLOR_NAME = AccentColor;
				CODE_SIGN_STYLE = Automatic;
				CURRENT_PROJECT_VERSION = 1;
				DEVELOPMENT_ASSET_PATHS = "\"HTTPToastDemo/Preview Content\"";
				DEVELOPMENT_TEAM = XGBMX3C35J;
				ENABLE_PREVIEWS = YES;
				GENERATE_INFOPLIST_FILE = YES;
				INFOPLIST_KEY_UIApplicationSceneManifest_Generation = YES;
				INFOPLIST_KEY_UIApplicationSupportsIndirectInputEvents = YES;
				INFOPLIST_KEY_UILaunchScreen_Generation = YES;
				INFOPLIST_KEY_UISupportedInterfaceOrientations_iPad = "UIInterfaceOrientationPortrait UIInterfaceOrientationPortraitUpsideDown UIInterfaceOrientationLandscapeLeft UIInterfaceOrientationLandscapeRight";
				INFOPLIST_KEY_UISupportedInterfaceOrientations_iPhone = "UIInterfaceOrientationPortrait UIInterfaceOrientationLandscapeLeft UIInterfaceOrientationLandscapeRight";
				LD_RUNPATH_SEARCH_PATHS = (
					"$(inherited)",
					"@executable_path/Frameworks",
				);
				MARKETING_VERSION = 1.0;
				PRODUCT_BUNDLE_IDENTIFIER = com.bilescu.HTTPToastDemo;
				PRODUCT_NAME = "$(TARGET_NAME)";
				SWIFT_EMIT_LOC_STRINGS = YES;
				SWIFT_VERSION = 5.0;
				TARGETED_DEVICE_FAMILY = "1,2";
			};
			name = Release;
		};
/* End XCBuildConfiguration section */

/* Begin XCConfigurationList section */
		3A3A84EA299806CF006CA3A5 /* Build configuration list for PBXProject "HTTPToastDemo" */ = {
			isa = XCConfigurationList;
			buildConfigurations = (
				3A3A84FB299806D0006CA3A5 /* Debug */,
				3A3A84FC299806D0006CA3A5 /* Release */,
			);
			defaultConfigurationIsVisible = 0;
			defaultConfigurationName = Release;
		};
		3A3A84FD299806D0006CA3A5 /* Build configuration list for PBXNativeTarget "HTTPToastDemo" */ = {
			isa = XCConfigurationList;
			buildConfigurations = (
				3A3A84FE299806D0006CA3A5 /* Debug */,
				3A3A84FF299806D0006CA3A5 /* Release */,
			);
			defaultConfigurationIsVisible = 0;
			defaultConfigurationName = Release;
		};
/* End XCConfigurationList section */

/* Begin XCSwiftPackageProductDependency section */
		3A3A85032998076B006CA3A5 /* HTTPToast */ = {
			isa = XCSwiftPackageProductDependency;
			productName = HTTPToast;
		};
/* End XCSwiftPackageProductDependency section */
	};
	rootObject = 3A3A84E7299806CF006CA3A5 /* Project object */;
}
